
Microsoft Visual Studio Solution File, Format Version 12.00
# Visual Studio Version 17
VisualStudioVersion = 17.0.31903.59
MinimumVisualStudioVersion = 10.0.40219.1
Project("{9A19103F-16F7-4668-BE54-9A1E7A4F7556}") = "DotnetFMPlayground.Core", "DotnetFMPlayground.Core\DotnetFMPlayground.Core.csproj", "{6EF3D9F5-7233-4FE4-B228-DC8A9FB079F5}"
EndProject
Project("{9A19103F-16F7-4668-BE54-9A1E7A4F7556}") = "DotnetFMPlayground.App", "DotnetFMPlayground.App\DotnetFMPlayground.App.csproj", "{B75EEBD2-9A47-4845-970B-77BC648F25F8}"
EndProject
Project("{FAE04EC0-301F-11D3-BF4B-00C04F79EFBC}") = "DotnetFMPlayground.Agent", "DotnetFMPlayground.Agent\DotnetFMPlayground.Agent.csproj", "{344FE039-D1E5-4DCA-813E-25ED58F55565}"
EndProject
Global
	GlobalSection(SolutionConfigurationPlatforms) = preSolution
		Debug|Any CPU = Debug|Any CPU
		Release|Any CPU = Release|Any CPU
	EndGlobalSection
	GlobalSection(ProjectConfigurationPlatforms) = postSolution
		{6EF3D9F5-7233-4FE4-B228-DC8A9FB079F5}.Debug|Any CPU.ActiveCfg = Debug|Any CPU
		{6EF3D9F5-7233-4FE4-B228-DC8A9FB079F5}.Debug|Any CPU.Build.0 = Debug|Any CPU
		{6EF3D9F5-7233-4FE4-B228-DC8A9FB079F5}.Release|Any CPU.ActiveCfg = Release|Any CPU
		{6EF3D9F5-7233-4FE4-B228-DC8A9FB079F5}.Release|Any CPU.Build.0 = Release|Any CPU
		{B75EEBD2-9A47-4845-970B-77BC648F25F8}.Debug|Any CPU.ActiveCfg = Debug|Any CPU
		{B75EEBD2-9A47-4845-970B-77BC648F25F8}.Debug|Any CPU.Build.0 = Debug|Any CPU
		{B75EEBD2-9A47-4845-970B-77BC648F25F8}.Debug|Any CPU.Deploy.0 = Debug|Any CPU
		{B75EEBD2-9A47-4845-970B-77BC648F25F8}.Release|Any CPU.ActiveCfg = Release|Any CPU
		{B75EEBD2-9A47-4845-970B-77BC648F25F8}.Release|Any CPU.Build.0 = Release|Any CPU
		{B75EEBD2-9A47-4845-970B-77BC648F25F8}.Release|Any CPU.Deploy.0 = Release|Any CPU
		{344FE039-D1E5-4DCA-813E-25ED58F55565}.Debug|Any CPU.ActiveCfg = Debug|Any CPU
		{344FE039-D1E5-4DCA-813E-25ED58F55565}.Debug|Any CPU.Build.0 = Debug|Any CPU
		{344FE039-D1E5-4DCA-813E-25ED58F55565}.Release|Any CPU.ActiveCfg = Release|Any CPU
		{344FE039-D1E5-4DCA-813E-25ED58F55565}.Release|Any CPU.Build.0 = Release|Any CPU
	EndGlobalSection
	GlobalSection(SolutionProperties) = preSolution
		HideSolutionNode = FALSE
	EndGlobalSection
	GlobalSection(ExtensibilityGlobals) = postSolution
		SolutionGuid = {EA67ABA6-B275-4959-8DA6-23D42939F292}
	EndGlobalSection
EndGlobal
